// !$*UTF8*$!
{
	archiveVersion = 1;
	classes = {
	};
	objectVersion = 46;
	objects = {

/* Begin PBXBuildFile section */
		31C6F8C81ABA702F00DFF5EE /* AppDelegate.swift in Sources */ = {isa = PBXBuildFile; fileRef = 31C6F8C71ABA702F00DFF5EE /* AppDelegate.swift */; };
		31C6F8CB1ABA702F00DFF5EE /* SiXinWen_iOS.xcdatamodeld in Sources */ = {isa = PBXBuildFile; fileRef = 31C6F8C91ABA702F00DFF5EE /* SiXinWen_iOS.xcdatamodeld */; };
		31C6F8CD1ABA702F00DFF5EE /* MainViewController.swift in Sources */ = {isa = PBXBuildFile; fileRef = 31C6F8CC1ABA702F00DFF5EE /* MainViewController.swift */; };
		31C6F8D01ABA702F00DFF5EE /* Main.storyboard in Resources */ = {isa = PBXBuildFile; fileRef = 31C6F8CE1ABA702F00DFF5EE /* Main.storyboard */; };
		31C6F8D21ABA702F00DFF5EE /* Images.xcassets in Resources */ = {isa = PBXBuildFile; fileRef = 31C6F8D11ABA702F00DFF5EE /* Images.xcassets */; };
		31C6F8D51ABA702F00DFF5EE /* LaunchScreen.xib in Resources */ = {isa = PBXBuildFile; fileRef = 31C6F8D31ABA702F00DFF5EE /* LaunchScreen.xib */; };
		31C6F8E11ABA702F00DFF5EE /* SiXinWen_iOSTests.swift in Sources */ = {isa = PBXBuildFile; fileRef = 31C6F8E01ABA702F00DFF5EE /* SiXinWen_iOSTests.swift */; };
		847BAB161ABBF03B00E766DE /* Account.swift in Sources */ = {isa = PBXBuildFile; fileRef = 847BAB151ABBF03B00E766DE /* Account.swift */; };
		847BAB181ABBF04200E766DE /* User.swift in Sources */ = {isa = PBXBuildFile; fileRef = 847BAB171ABBF04200E766DE /* User.swift */; };
		847BAB1A1ABBF04600E766DE /* Chat.swift in Sources */ = {isa = PBXBuildFile; fileRef = 847BAB191ABBF04600E766DE /* Chat.swift */; };
		847BAB1C1ABBF04B00E766DE /* Message.swift in Sources */ = {isa = PBXBuildFile; fileRef = 847BAB1B1ABBF04B00E766DE /* Message.swift */; };
		847BAB201ABBF0BB00E766DE /* ChatViewController.swift in Sources */ = {isa = PBXBuildFile; fileRef = 847BAB1F1ABBF0BB00E766DE /* ChatViewController.swift */; };
		847BAB221ABBF0C600E766DE /* MessageSentDateCell.swift in Sources */ = {isa = PBXBuildFile; fileRef = 847BAB211ABBF0C600E766DE /* MessageSentDateCell.swift */; };
		847BAB241ABBF0CD00E766DE /* MessageBubbleCell.swift in Sources */ = {isa = PBXBuildFile; fileRef = 847BAB231ABBF0CD00E766DE /* MessageBubbleCell.swift */; };
		847BAB271ABBF0F700E766DE /* ChatsViewController.swift in Sources */ = {isa = PBXBuildFile; fileRef = 847BAB261ABBF0F700E766DE /* ChatsViewController.swift */; };
		847BAB291ABBF0FE00E766DE /* ChatCell.swift in Sources */ = {isa = PBXBuildFile; fileRef = 847BAB281ABBF0FE00E766DE /* ChatCell.swift */; };
		847BAB2C1ABBF11E00E766DE /* ComposeViewController.swift in Sources */ = {isa = PBXBuildFile; fileRef = 847BAB2B1ABBF11E00E766DE /* ComposeViewController.swift */; };
		847BAB2E1ABBF12300E766DE /* UserCell.swift in Sources */ = {isa = PBXBuildFile; fileRef = 847BAB2D1ABBF12300E766DE /* UserCell.swift */; };
		847BAB301ABBF12800E766DE /* PlaceholderTextView.swift in Sources */ = {isa = PBXBuildFile; fileRef = 847BAB2F1ABBF12800E766DE /* PlaceholderTextView.swift */; };
		847BAB321ABBF13300E766DE /* MessageIncoming.aiff in Resources */ = {isa = PBXBuildFile; fileRef = 847BAB311ABBF13300E766DE /* MessageIncoming.aiff */; };
		847BAB341ABBF14300E766DE /* MessageOutgoing.aiff in Resources */ = {isa = PBXBuildFile; fileRef = 847BAB331ABBF14300E766DE /* MessageOutgoing.aiff */; };
/* End PBXBuildFile section */

/* Begin PBXContainerItemProxy section */
		31C6F8DB1ABA702F00DFF5EE /* PBXContainerItemProxy */ = {
			isa = PBXContainerItemProxy;
			containerPortal = 31C6F8BA1ABA702F00DFF5EE /* Project object */;
			proxyType = 1;
			remoteGlobalIDString = 31C6F8C11ABA702F00DFF5EE;
			remoteInfo = "SiXinWen-iOS";
		};
/* End PBXContainerItemProxy section */

/* Begin PBXFileReference section */
		31C6F8C21ABA702F00DFF5EE /* SiXinWen-iOS.app */ = {isa = PBXFileReference; explicitFileType = wrapper.application; includeInIndex = 0; path = "SiXinWen-iOS.app"; sourceTree = BUILT_PRODUCTS_DIR; };
		31C6F8C61ABA702F00DFF5EE /* Info.plist */ = {isa = PBXFileReference; lastKnownFileType = text.plist.xml; path = Info.plist; sourceTree = "<group>"; };
		31C6F8C71ABA702F00DFF5EE /* AppDelegate.swift */ = {isa = PBXFileReference; lastKnownFileType = sourcecode.swift; path = AppDelegate.swift; sourceTree = "<group>"; };
		31C6F8CA1ABA702F00DFF5EE /* SiXinWen_iOS.xcdatamodel */ = {isa = PBXFileReference; lastKnownFileType = wrapper.xcdatamodel; path = SiXinWen_iOS.xcdatamodel; sourceTree = "<group>"; };
		31C6F8CC1ABA702F00DFF5EE /* MainViewController.swift */ = {isa = PBXFileReference; lastKnownFileType = sourcecode.swift; path = MainViewController.swift; sourceTree = "<group>"; };
		31C6F8CF1ABA702F00DFF5EE /* Base */ = {isa = PBXFileReference; lastKnownFileType = file.storyboard; name = Base; path = Base.lproj/Main.storyboard; sourceTree = "<group>"; };
		31C6F8D11ABA702F00DFF5EE /* Images.xcassets */ = {isa = PBXFileReference; lastKnownFileType = folder.assetcatalog; path = Images.xcassets; sourceTree = "<group>"; };
		31C6F8D41ABA702F00DFF5EE /* Base */ = {isa = PBXFileReference; lastKnownFileType = file.xib; name = Base; path = Base.lproj/LaunchScreen.xib; sourceTree = "<group>"; };
		31C6F8DA1ABA702F00DFF5EE /* SiXinWen-iOSTests.xctest */ = {isa = PBXFileReference; explicitFileType = wrapper.cfbundle; includeInIndex = 0; path = "SiXinWen-iOSTests.xctest"; sourceTree = BUILT_PRODUCTS_DIR; };
		31C6F8DF1ABA702F00DFF5EE /* Info.plist */ = {isa = PBXFileReference; lastKnownFileType = text.plist.xml; path = Info.plist; sourceTree = "<group>"; };
		31C6F8E01ABA702F00DFF5EE /* SiXinWen_iOSTests.swift */ = {isa = PBXFileReference; lastKnownFileType = sourcecode.swift; path = SiXinWen_iOSTests.swift; sourceTree = "<group>"; };
		847BAB151ABBF03B00E766DE /* Account.swift */ = {isa = PBXFileReference; fileEncoding = 4; lastKnownFileType = sourcecode.swift; path = Account.swift; sourceTree = "<group>"; };
		847BAB171ABBF04200E766DE /* User.swift */ = {isa = PBXFileReference; fileEncoding = 4; lastKnownFileType = sourcecode.swift; path = User.swift; sourceTree = "<group>"; };
		847BAB191ABBF04600E766DE /* Chat.swift */ = {isa = PBXFileReference; fileEncoding = 4; lastKnownFileType = sourcecode.swift; path = Chat.swift; sourceTree = "<group>"; };
		847BAB1B1ABBF04B00E766DE /* Message.swift */ = {isa = PBXFileReference; fileEncoding = 4; lastKnownFileType = sourcecode.swift; name = Message.swift; path = ../Message.swift; sourceTree = "<group>"; };
		847BAB1F1ABBF0BB00E766DE /* ChatViewController.swift */ = {isa = PBXFileReference; fileEncoding = 4; lastKnownFileType = sourcecode.swift; path = ChatViewController.swift; sourceTree = "<group>"; };
		847BAB211ABBF0C600E766DE /* MessageSentDateCell.swift */ = {isa = PBXFileReference; fileEncoding = 4; lastKnownFileType = sourcecode.swift; path = MessageSentDateCell.swift; sourceTree = "<group>"; };
		847BAB231ABBF0CD00E766DE /* MessageBubbleCell.swift */ = {isa = PBXFileReference; fileEncoding = 4; lastKnownFileType = sourcecode.swift; path = MessageBubbleCell.swift; sourceTree = "<group>"; };
		847BAB261ABBF0F700E766DE /* ChatsViewController.swift */ = {isa = PBXFileReference; fileEncoding = 4; lastKnownFileType = sourcecode.swift; path = ChatsViewController.swift; sourceTree = "<group>"; };
		847BAB281ABBF0FE00E766DE /* ChatCell.swift */ = {isa = PBXFileReference; fileEncoding = 4; lastKnownFileType = sourcecode.swift; path = ChatCell.swift; sourceTree = "<group>"; };
		847BAB2B1ABBF11E00E766DE /* ComposeViewController.swift */ = {isa = PBXFileReference; fileEncoding = 4; lastKnownFileType = sourcecode.swift; path = ComposeViewController.swift; sourceTree = "<group>"; };
		847BAB2D1ABBF12300E766DE /* UserCell.swift */ = {isa = PBXFileReference; fileEncoding = 4; lastKnownFileType = sourcecode.swift; path = UserCell.swift; sourceTree = "<group>"; };
		847BAB2F1ABBF12800E766DE /* PlaceholderTextView.swift */ = {isa = PBXFileReference; fileEncoding = 4; lastKnownFileType = sourcecode.swift; path = PlaceholderTextView.swift; sourceTree = "<group>"; };
		847BAB311ABBF13300E766DE /* MessageIncoming.aiff */ = {isa = PBXFileReference; lastKnownFileType = audio.aiff; path = MessageIncoming.aiff; sourceTree = "<group>"; };
		847BAB331ABBF14300E766DE /* MessageOutgoing.aiff */ = {isa = PBXFileReference; lastKnownFileType = audio.aiff; path = MessageOutgoing.aiff; sourceTree = "<group>"; };
/* End PBXFileReference section */

/* Begin PBXFrameworksBuildPhase section */
		31C6F8BF1ABA702F00DFF5EE /* Frameworks */ = {
			isa = PBXFrameworksBuildPhase;
			buildActionMask = 2147483647;
			files = (
			);
			runOnlyForDeploymentPostprocessing = 0;
		};
		31C6F8D71ABA702F00DFF5EE /* Frameworks */ = {
			isa = PBXFrameworksBuildPhase;
			buildActionMask = 2147483647;
			files = (
			);
			runOnlyForDeploymentPostprocessing = 0;
		};
/* End PBXFrameworksBuildPhase section */

/* Begin PBXGroup section */
		31C6F8B91ABA702F00DFF5EE = {
			isa = PBXGroup;
			children = (
				31C6F8C41ABA702F00DFF5EE /* SiXinWen-iOS */,
				31C6F8DD1ABA702F00DFF5EE /* SiXinWen-iOSTests */,
				31C6F8C31ABA702F00DFF5EE /* Products */,
			);
			sourceTree = "<group>";
		};
		31C6F8C31ABA702F00DFF5EE /* Products */ = {
			isa = PBXGroup;
			children = (
				31C6F8C21ABA702F00DFF5EE /* SiXinWen-iOS.app */,
				31C6F8DA1ABA702F00DFF5EE /* SiXinWen-iOSTests.xctest */,
			);
			name = Products;
			sourceTree = "<group>";
		};
		31C6F8C41ABA702F00DFF5EE /* SiXinWen-iOS */ = {
			isa = PBXGroup;
			children = (
				847BAB2A1ABBF11100E766DE /* Compose */,
				847BAB251ABBF0EC00E766DE /* Chats */,
				847BAB141ABBF01500E766DE /* Models */,
				847BAB1D1ABBF0A700E766DE /* Chat */,
				31C6F8CC1ABA702F00DFF5EE /* MainViewController.swift */,
				31C6F8C71ABA702F00DFF5EE /* AppDelegate.swift */,
				31C6F8CE1ABA702F00DFF5EE /* Main.storyboard */,
				31C6F8D11ABA702F00DFF5EE /* Images.xcassets */,
				847BAB311ABBF13300E766DE /* MessageIncoming.aiff */,
				847BAB331ABBF14300E766DE /* MessageOutgoing.aiff */,
				31C6F8D31ABA702F00DFF5EE /* LaunchScreen.xib */,
				31C6F8C91ABA702F00DFF5EE /* SiXinWen_iOS.xcdatamodeld */,
				31C6F8C51ABA702F00DFF5EE /* Supporting Files */,
			);
			path = "SiXinWen-iOS";
			sourceTree = "<group>";
		};
		31C6F8C51ABA702F00DFF5EE /* Supporting Files */ = {
			isa = PBXGroup;
			children = (
				31C6F8C61ABA702F00DFF5EE /* Info.plist */,
			);
			name = "Supporting Files";
			sourceTree = "<group>";
		};
		31C6F8DD1ABA702F00DFF5EE /* SiXinWen-iOSTests */ = {
			isa = PBXGroup;
			children = (
				31C6F8E01ABA702F00DFF5EE /* SiXinWen_iOSTests.swift */,
				31C6F8DE1ABA702F00DFF5EE /* Supporting Files */,
			);
			path = "SiXinWen-iOSTests";
			sourceTree = "<group>";
		};
		31C6F8DE1ABA702F00DFF5EE /* Supporting Files */ = {
			isa = PBXGroup;
			children = (
				31C6F8DF1ABA702F00DFF5EE /* Info.plist */,
			);
			name = "Supporting Files";
			sourceTree = "<group>";
		};
		847BAB141ABBF01500E766DE /* Models */ = {
			isa = PBXGroup;
			children = (
				847BAB151ABBF03B00E766DE /* Account.swift */,
				847BAB171ABBF04200E766DE /* User.swift */,
				847BAB191ABBF04600E766DE /* Chat.swift */,
				847BAB1B1ABBF04B00E766DE /* Message.swift */,
			);
			path = Models;
			sourceTree = "<group>";
		};
		847BAB1D1ABBF0A700E766DE /* Chat */ = {
			isa = PBXGroup;
			children = (
				847BAB1F1ABBF0BB00E766DE /* ChatViewController.swift */,
				847BAB211ABBF0C600E766DE /* MessageSentDateCell.swift */,
				847BAB231ABBF0CD00E766DE /* MessageBubbleCell.swift */,
			);
			path = Chat;
			sourceTree = "<group>";
		};
		847BAB251ABBF0EC00E766DE /* Chats */ = {
			isa = PBXGroup;
			children = (
				847BAB261ABBF0F700E766DE /* ChatsViewController.swift */,
				847BAB281ABBF0FE00E766DE /* ChatCell.swift */,
			);
			path = Chats;
			sourceTree = "<group>";
		};
		847BAB2A1ABBF11100E766DE /* Compose */ = {
			isa = PBXGroup;
			children = (
				847BAB2B1ABBF11E00E766DE /* ComposeViewController.swift */,
				847BAB2D1ABBF12300E766DE /* UserCell.swift */,
				847BAB2F1ABBF12800E766DE /* PlaceholderTextView.swift */,
			);
			path = Compose;
			sourceTree = "<group>";
		};
/* End PBXGroup section */

/* Begin PBXNativeTarget section */
		31C6F8C11ABA702F00DFF5EE /* SiXinWen-iOS */ = {
			isa = PBXNativeTarget;
			buildConfigurationList = 31C6F8E41ABA702F00DFF5EE /* Build configuration list for PBXNativeTarget "SiXinWen-iOS" */;
			buildPhases = (
				31C6F8BE1ABA702F00DFF5EE /* Sources */,
				31C6F8BF1ABA702F00DFF5EE /* Frameworks */,
				31C6F8C01ABA702F00DFF5EE /* Resources */,
			);
			buildRules = (
			);
			dependencies = (
			);
			name = "SiXinWen-iOS";
			productName = "SiXinWen-iOS";
			productReference = 31C6F8C21ABA702F00DFF5EE /* SiXinWen-iOS.app */;
			productType = "com.apple.product-type.application";
		};
		31C6F8D91ABA702F00DFF5EE /* SiXinWen-iOSTests */ = {
			isa = PBXNativeTarget;
			buildConfigurationList = 31C6F8E71ABA702F00DFF5EE /* Build configuration list for PBXNativeTarget "SiXinWen-iOSTests" */;
			buildPhases = (
				31C6F8D61ABA702F00DFF5EE /* Sources */,
				31C6F8D71ABA702F00DFF5EE /* Frameworks */,
				31C6F8D81ABA702F00DFF5EE /* Resources */,
			);
			buildRules = (
			);
			dependencies = (
				31C6F8DC1ABA702F00DFF5EE /* PBXTargetDependency */,
			);
			name = "SiXinWen-iOSTests";
			productName = "SiXinWen-iOSTests";
			productReference = 31C6F8DA1ABA702F00DFF5EE /* SiXinWen-iOSTests.xctest */;
			productType = "com.apple.product-type.bundle.unit-test";
		};
/* End PBXNativeTarget section */

/* Begin PBXProject section */
		31C6F8BA1ABA702F00DFF5EE /* Project object */ = {
			isa = PBXProject;
			attributes = {
				LastUpgradeCheck = 0610;
				ORGANIZATIONNAME = SiXinWen;
				TargetAttributes = {
					31C6F8C11ABA702F00DFF5EE = {
						CreatedOnToolsVersion = 6.1.1;
					};
					31C6F8D91ABA702F00DFF5EE = {
						CreatedOnToolsVersion = 6.1.1;
						TestTargetID = 31C6F8C11ABA702F00DFF5EE;
					};
				};
			};
			buildConfigurationList = 31C6F8BD1ABA702F00DFF5EE /* Build configuration list for PBXProject "SiXinWen-iOS" */;
			compatibilityVersion = "Xcode 3.2";
			developmentRegion = English;
			hasScannedForEncodings = 0;
			knownRegions = (
				en,
				Base,
			);
			mainGroup = 31C6F8B91ABA702F00DFF5EE;
			productRefGroup = 31C6F8C31ABA702F00DFF5EE /* Products */;
			projectDirPath = "";
			projectRoot = "";
			targets = (
				31C6F8C11ABA702F00DFF5EE /* SiXinWen-iOS */,
				31C6F8D91ABA702F00DFF5EE /* SiXinWen-iOSTests */,
			);
		};
/* End PBXProject section */

/* Begin PBXResourcesBuildPhase section */
		31C6F8C01ABA702F00DFF5EE /* Resources */ = {
			isa = PBXResourcesBuildPhase;
			buildActionMask = 2147483647;
			files = (
				31C6F8D01ABA702F00DFF5EE /* Main.storyboard in Resources */,
				847BAB321ABBF13300E766DE /* MessageIncoming.aiff in Resources */,
				31C6F8D51ABA702F00DFF5EE /* LaunchScreen.xib in Resources */,
				847BAB341ABBF14300E766DE /* MessageOutgoing.aiff in Resources */,
				31C6F8D21ABA702F00DFF5EE /* Images.xcassets in Resources */,
			);
			runOnlyForDeploymentPostprocessing = 0;
		};
		31C6F8D81ABA702F00DFF5EE /* Resources */ = {
			isa = PBXResourcesBuildPhase;
			buildActionMask = 2147483647;
			files = (
			);
			runOnlyForDeploymentPostprocessing = 0;
		};
/* End PBXResourcesBuildPhase section */

/* Begin PBXSourcesBuildPhase section */
		31C6F8BE1ABA702F00DFF5EE /* Sources */ = {
			isa = PBXSourcesBuildPhase;
			buildActionMask = 2147483647;
			files = (
				31C6F8CD1ABA702F00DFF5EE /* MainViewController.swift in Sources */,
				847BAB1A1ABBF04600E766DE /* Chat.swift in Sources */,
				847BAB201ABBF0BB00E766DE /* ChatViewController.swift in Sources */,
				847BAB161ABBF03B00E766DE /* Account.swift in Sources */,
				847BAB221ABBF0C600E766DE /* MessageSentDateCell.swift in Sources */,
				847BAB2C1ABBF11E00E766DE /* ComposeViewController.swift in Sources */,
				847BAB2E1ABBF12300E766DE /* UserCell.swift in Sources */,
				847BAB291ABBF0FE00E766DE /* ChatCell.swift in Sources */,
				31C6F8CB1ABA702F00DFF5EE /* SiXinWen_iOS.xcdatamodeld in Sources */,
				847BAB301ABBF12800E766DE /* PlaceholderTextView.swift in Sources */,
				847BAB271ABBF0F700E766DE /* ChatsViewController.swift in Sources */,
				847BAB181ABBF04200E766DE /* User.swift in Sources */,
				31C6F8C81ABA702F00DFF5EE /* AppDelegate.swift in Sources */,
				847BAB1C1ABBF04B00E766DE /* Message.swift in Sources */,
				847BAB241ABBF0CD00E766DE /* MessageBubbleCell.swift in Sources */,
			);
			runOnlyForDeploymentPostprocessing = 0;
		};
		31C6F8D61ABA702F00DFF5EE /* Sources */ = {
			isa = PBXSourcesBuildPhase;
			buildActionMask = 2147483647;
			files = (
				31C6F8E11ABA702F00DFF5EE /* SiXinWen_iOSTests.swift in Sources */,
			);
			runOnlyForDeploymentPostprocessing = 0;
		};
/* End PBXSourcesBuildPhase section */

/* Begin PBXTargetDependency section */
		31C6F8DC1ABA702F00DFF5EE /* PBXTargetDependency */ = {
			isa = PBXTargetDependency;
			target = 31C6F8C11ABA702F00DFF5EE /* SiXinWen-iOS */;
			targetProxy = 31C6F8DB1ABA702F00DFF5EE /* PBXContainerItemProxy */;
		};
/* End PBXTargetDependency section */

/* Begin PBXVariantGroup section */
		31C6F8CE1ABA702F00DFF5EE /* Main.storyboard */ = {
			isa = PBXVariantGroup;
			children = (
				31C6F8CF1ABA702F00DFF5EE /* Base */,
			);
			name = Main.storyboard;
			sourceTree = "<group>";
		};
		31C6F8D31ABA702F00DFF5EE /* LaunchScreen.xib */ = {
			isa = PBXVariantGroup;
			children = (
				31C6F8D41ABA702F00DFF5EE /* Base */,
			);
			name = LaunchScreen.xib;
			sourceTree = "<group>";
		};
/* End PBXVariantGroup section */

/* Begin XCBuildConfiguration section */
		31C6F8E21ABA702F00DFF5EE /* Debug */ = {
			isa = XCBuildConfiguration;
			buildSettings = {
				ALWAYS_SEARCH_USER_PATHS = NO;
				CLANG_CXX_LANGUAGE_STANDARD = "gnu++0x";
				CLANG_CXX_LIBRARY = "libc++";
				CLANG_ENABLE_MODULES = YES;
				CLANG_ENABLE_OBJC_ARC = YES;
				CLANG_WARN_BOOL_CONVERSION = YES;
				CLANG_WARN_CONSTANT_CONVERSION = YES;
				CLANG_WARN_DIRECT_OBJC_ISA_USAGE = YES_ERROR;
				CLANG_WARN_EMPTY_BODY = YES;
				CLANG_WARN_ENUM_CONVERSION = YES;
				CLANG_WARN_INT_CONVERSION = YES;
				CLANG_WARN_OBJC_ROOT_CLASS = YES_ERROR;
				CLANG_WARN_UNREACHABLE_CODE = YES;
				CLANG_WARN__DUPLICATE_METHOD_MATCH = YES;
				"CODE_SIGN_IDENTITY[sdk=iphoneos*]" = "iPhone Developer";
				COPY_PHASE_STRIP = NO;
				ENABLE_STRICT_OBJC_MSGSEND = YES;
				GCC_C_LANGUAGE_STANDARD = gnu99;
				GCC_DYNAMIC_NO_PIC = NO;
				GCC_OPTIMIZATION_LEVEL = 0;
				GCC_PREPROCESSOR_DEFINITIONS = (
					"DEBUG=1",
					"$(inherited)",
				);
				GCC_SYMBOLS_PRIVATE_EXTERN = NO;
				GCC_WARN_64_TO_32_BIT_CONVERSION = YES;
				GCC_WARN_ABOUT_RETURN_TYPE = YES_ERROR;
				GCC_WARN_UNDECLARED_SELECTOR = YES;
				GCC_WARN_UNINITIALIZED_AUTOS = YES_AGGRESSIVE;
				GCC_WARN_UNUSED_FUNCTION = YES;
				GCC_WARN_UNUSED_VARIABLE = YES;
				IPHONEOS_DEPLOYMENT_TARGET = 8.1;
				MTL_ENABLE_DEBUG_INFO = YES;
				ONLY_ACTIVE_ARCH = YES;
				SDKROOT = iphoneos;
				SWIFT_OPTIMIZATION_LEVEL = "-Onone";
				TARGETED_DEVICE_FAMILY = "1,2";
			};
			name = Debug;
		};
		31C6F8E31ABA702F00DFF5EE /* Release */ = {
			isa = XCBuildConfiguration;
			buildSettings = {
				ALWAYS_SEARCH_USER_PATHS = NO;
				CLANG_CXX_LANGUAGE_STANDARD = "gnu++0x";
				CLANG_CXX_LIBRARY = "libc++";
				CLANG_ENABLE_MODULES = YES;
				CLANG_ENABLE_OBJC_ARC = YES;
				CLANG_WARN_BOOL_CONVERSION = YES;
				CLANG_WARN_CONSTANT_CONVERSION = YES;
				CLANG_WARN_DIRECT_OBJC_ISA_USAGE = YES_ERROR;
				CLANG_WARN_EMPTY_BODY = YES;
				CLANG_WARN_ENUM_CONVERSION = YES;
				CLANG_WARN_INT_CONVERSION = YES;
				CLANG_WARN_OBJC_ROOT_CLASS = YES_ERROR;
				CLANG_WARN_UNREACHABLE_CODE = YES;
				CLANG_WARN__DUPLICATE_METHOD_MATCH = YES;
				"CODE_SIGN_IDENTITY[sdk=iphoneos*]" = "iPhone Developer";
				COPY_PHASE_STRIP = YES;
				ENABLE_NS_ASSERTIONS = NO;
				ENABLE_STRICT_OBJC_MSGSEND = YES;
				GCC_C_LANGUAGE_STANDARD = gnu99;
				GCC_WARN_64_TO_32_BIT_CONVERSION = YES;
				GCC_WARN_ABOUT_RETURN_TYPE = YES_ERROR;
				GCC_WARN_UNDECLARED_SELECTOR = YES;
				GCC_WARN_UNINITIALIZED_AUTOS = YES_AGGRESSIVE;
				GCC_WARN_UNUSED_FUNCTION = YES;
				GCC_WARN_UNUSED_VARIABLE = YES;
				IPHONEOS_DEPLOYMENT_TARGET = 8.1;
				MTL_ENABLE_DEBUG_INFO = NO;
				SDKROOT = iphoneos;
				TARGETED_DEVICE_FAMILY = "1,2";
				VALIDATE_PRODUCT = YES;
			};
			name = Release;
		};
		31C6F8E51ABA702F00DFF5EE /* Debug */ = {
			isa = XCBuildConfiguration;
			buildSettings = {
				ASSETCATALOG_COMPILER_APPICON_NAME = AppIcon;
				INFOPLIST_FILE = "SiXinWen-iOS/Info.plist";
				LD_RUNPATH_SEARCH_PATHS = "$(inherited) @executable_path/Frameworks";
				PRODUCT_NAME = "$(TARGET_NAME)";
			};
			name = Debug;
		};
		31C6F8E61ABA702F00DFF5EE /* Release */ = {
			isa = XCBuildConfiguration;
			buildSettings = {
				ASSETCATALOG_COMPILER_APPICON_NAME = AppIcon;
				INFOPLIST_FILE = "SiXinWen-iOS/Info.plist";
				LD_RUNPATH_SEARCH_PATHS = "$(inherited) @executable_path/Frameworks";
				PRODUCT_NAME = "$(TARGET_NAME)";
			};
			name = Release;
		};
		31C6F8E81ABA702F00DFF5EE /* Debug */ = {
			isa = XCBuildConfiguration;
			buildSettings = {
				BUNDLE_LOADER = "$(TEST_HOST)";
				FRAMEWORK_SEARCH_PATHS = (
					"$(SDKROOT)/Developer/Library/Frameworks",
					"$(inherited)",
				);
				GCC_PREPROCESSOR_DEFINITIONS = (
					"DEBUG=1",
					"$(inherited)",
				);
				INFOPLIST_FILE = "SiXinWen-iOSTests/Info.plist";
				LD_RUNPATH_SEARCH_PATHS = "$(inherited) @executable_path/Frameworks @loader_path/Frameworks";
				PRODUCT_NAME = "$(TARGET_NAME)";
				TEST_HOST = "$(BUILT_PRODUCTS_DIR)/SiXinWen-iOS.app/SiXinWen-iOS";
			};
			name = Debug;
		};
		31C6F8E91ABA702F00DFF5EE /* Release */ = {
			isa = XCBuildConfiguration;
			buildSettings = {
				BUNDLE_LOADER = "$(TEST_HOST)";
				FRAMEWORK_SEARCH_PATHS = (
					"$(SDKROOT)/Developer/Library/Frameworks",
					"$(inherited)",
				);
				INFOPLIST_FILE = "SiXinWen-iOSTests/Info.plist";
				LD_RUNPATH_SEARCH_PATHS = "$(inherited) @executable_path/Frameworks @loader_path/Frameworks";
				PRODUCT_NAME = "$(TARGET_NAME)";
				TEST_HOST = "$(BUILT_PRODUCTS_DIR)/SiXinWen-iOS.app/SiXinWen-iOS";
			};
			name = Release;
		};
/* End XCBuildConfiguration section */

/* Begin XCConfigurationList section */
		31C6F8BD1ABA702F00DFF5EE /* Build configuration list for PBXProject "SiXinWen-iOS" */ = {
			isa = XCConfigurationList;
			buildConfigurations = (
				31C6F8E21ABA702F00DFF5EE /* Debug */,
				31C6F8E31ABA702F00DFF5EE /* Release */,
			);
			defaultConfigurationIsVisible = 0;
			defaultConfigurationName = Release;
		};
		31C6F8E41ABA702F00DFF5EE /* Build configuration list for PBXNativeTarget "SiXinWen-iOS" */ = {
			isa = XCConfigurationList;
			buildConfigurations = (
				31C6F8E51ABA702F00DFF5EE /* Debug */,
				31C6F8E61ABA702F00DFF5EE /* Release */,
			);
			defaultConfigurationIsVisible = 0;
			defaultConfigurationName = Release;
		};
		31C6F8E71ABA702F00DFF5EE /* Build configuration list for PBXNativeTarget "SiXinWen-iOSTests" */ = {
			isa = XCConfigurationList;
			buildConfigurations = (
				31C6F8E81ABA702F00DFF5EE /* Debug */,
				31C6F8E91ABA702F00DFF5EE /* Release */,
			);
			defaultConfigurationIsVisible = 0;
			defaultConfigurationName = Release;
		};
/* End XCConfigurationList section */

/* Begin XCVersionGroup section */
		31C6F8C91ABA702F00DFF5EE /* SiXinWen_iOS.xcdatamodeld */ = {
			isa = XCVersionGroup;
			children = (
				31C6F8CA1ABA702F00DFF5EE /* SiXinWen_iOS.xcdatamodel */,
			);
			currentVersion = 31C6F8CA1ABA702F00DFF5EE /* SiXinWen_iOS.xcdatamodel */;
			path = SiXinWen_iOS.xcdatamodeld;
			sourceTree = "<group>";
			versionGroupType = wrapper.xcdatamodel;
		};
/* End XCVersionGroup section */
	};
	rootObject = 31C6F8BA1ABA702F00DFF5EE /* Project object */;
}
